// !$*UTF8*$!
{
	archiveVersion = 1;
	classes = {
	};
	objectVersion = 55;
	objects = {

/* Begin PBXBuildFile section */
		A81222EC28A6111700B097E6 /* Coordinator.swift in Sources */ = {isa = PBXBuildFile; fileRef = A81222EB28A6111700B097E6 /* Coordinator.swift */; };
		A81222EF28A6126A00B097E6 /* HomeCoordinator.swift in Sources */ = {isa = PBXBuildFile; fileRef = A81222EE28A6126A00B097E6 /* HomeCoordinator.swift */; };
		A81222F128A6159C00B097E6 /* AppCoordinator.swift in Sources */ = {isa = PBXBuildFile; fileRef = A81222F028A6159C00B097E6 /* AppCoordinator.swift */; };
		A81222F328A625D700B097E6 /* AppCoordinatorComposer.swift in Sources */ = {isa = PBXBuildFile; fileRef = A81222F228A625D700B097E6 /* AppCoordinatorComposer.swift */; };
		A82FB60528A75EE0009DC666 /* HomeViewModel.swift in Sources */ = {isa = PBXBuildFile; fileRef = A82FB60428A75EE0009DC666 /* HomeViewModel.swift */; };
		A82FB60728A797F0009DC666 /* HomeCollectionViewCell.swift in Sources */ = {isa = PBXBuildFile; fileRef = A82FB60628A797F0009DC666 /* HomeCollectionViewCell.swift */; };
		A87AD43128AE92C500D652C8 /* ListViewController.swift in Sources */ = {isa = PBXBuildFile; fileRef = A87AD43028AE92C500D652C8 /* ListViewController.swift */; };
		A889491A28A6DF35007BFD6B /* HomeViewItem.swift in Sources */ = {isa = PBXBuildFile; fileRef = A889491928A6DF35007BFD6B /* HomeViewItem.swift */; };
		A8B7F61028A4B2660046F415 /* AppDelegate.swift in Sources */ = {isa = PBXBuildFile; fileRef = A8B7F60F28A4B2660046F415 /* AppDelegate.swift */; };
		A8B7F61428A4B2660046F415 /* HomeViewController.swift in Sources */ = {isa = PBXBuildFile; fileRef = A8B7F61328A4B2660046F415 /* HomeViewController.swift */; };
		A8B7F61928A4B2660046F415 /* Assets.xcassets in Resources */ = {isa = PBXBuildFile; fileRef = A8B7F61828A4B2660046F415 /* Assets.xcassets */; };
		A8B7F61C28A4B2660046F415 /* LaunchScreen.storyboard in Resources */ = {isa = PBXBuildFile; fileRef = A8B7F61A28A4B2660046F415 /* LaunchScreen.storyboard */; };
		A8C4CABA28BE6A6A00962238 /* CollectionDataModel.xcdatamodeld in Sources */ = {isa = PBXBuildFile; fileRef = A8C4CAB828BE6A6A00962238 /* CollectionDataModel.xcdatamodeld */; };
		A8DE1D8F28B025D600501804 /* ListViewModel.swift in Sources */ = {isa = PBXBuildFile; fileRef = A8DE1D8E28B025D600501804 /* ListViewModel.swift */; };
		A8DE1D9128B025FC00501804 /* ListItem.swift in Sources */ = {isa = PBXBuildFile; fileRef = A8DE1D9028B025FC00501804 /* ListItem.swift */; };
		A8F7E9E528AA8FD300A0AAEB /* ListViewCoordinator.swift in Sources */ = {isa = PBXBuildFile; fileRef = A8F7E9E428AA8FD300A0AAEB /* ListViewCoordinator.swift */; };
		CD5E3C248ADF35EC58420158 /* Pods_MediaBucket.framework in Frameworks */ = {isa = PBXBuildFile; fileRef = 518FCE146F8E37B1B3B407BC /* Pods_MediaBucket.framework */; };
/* End PBXBuildFile section */

/* Begin PBXFileReference section */
		0F24F84254D37FF1DC37FDE0 /* Pods-MediaBucket.release.xcconfig */ = {isa = PBXFileReference; includeInIndex = 1; lastKnownFileType = text.xcconfig; name = "Pods-MediaBucket.release.xcconfig"; path = "Target Support Files/Pods-MediaBucket/Pods-MediaBucket.release.xcconfig"; sourceTree = "<group>"; };
		518FCE146F8E37B1B3B407BC /* Pods_MediaBucket.framework */ = {isa = PBXFileReference; explicitFileType = wrapper.framework; includeInIndex = 0; path = Pods_MediaBucket.framework; sourceTree = BUILT_PRODUCTS_DIR; };
		67FDA24618AEC259CC840C30 /* Pods-MediaBucket.debug.xcconfig */ = {isa = PBXFileReference; includeInIndex = 1; lastKnownFileType = text.xcconfig; name = "Pods-MediaBucket.debug.xcconfig"; path = "Target Support Files/Pods-MediaBucket/Pods-MediaBucket.debug.xcconfig"; sourceTree = "<group>"; };
		A81222EB28A6111700B097E6 /* Coordinator.swift */ = {isa = PBXFileReference; lastKnownFileType = sourcecode.swift; path = Coordinator.swift; sourceTree = "<group>"; };
		A81222EE28A6126A00B097E6 /* HomeCoordinator.swift */ = {isa = PBXFileReference; lastKnownFileType = sourcecode.swift; path = HomeCoordinator.swift; sourceTree = "<group>"; };
		A81222F028A6159C00B097E6 /* AppCoordinator.swift */ = {isa = PBXFileReference; lastKnownFileType = sourcecode.swift; path = AppCoordinator.swift; sourceTree = "<group>"; };
		A81222F228A625D700B097E6 /* AppCoordinatorComposer.swift */ = {isa = PBXFileReference; lastKnownFileType = sourcecode.swift; path = AppCoordinatorComposer.swift; sourceTree = "<group>"; };
		A82FB60428A75EE0009DC666 /* HomeViewModel.swift */ = {isa = PBXFileReference; lastKnownFileType = sourcecode.swift; path = HomeViewModel.swift; sourceTree = "<group>"; };
		A82FB60628A797F0009DC666 /* HomeCollectionViewCell.swift */ = {isa = PBXFileReference; lastKnownFileType = sourcecode.swift; path = HomeCollectionViewCell.swift; sourceTree = "<group>"; };
		A87AD43028AE92C500D652C8 /* ListViewController.swift */ = {isa = PBXFileReference; lastKnownFileType = sourcecode.swift; path = ListViewController.swift; sourceTree = "<group>"; };
		A889491928A6DF35007BFD6B /* HomeViewItem.swift */ = {isa = PBXFileReference; lastKnownFileType = sourcecode.swift; path = HomeViewItem.swift; sourceTree = "<group>"; };
		A8B7F60C28A4B2660046F415 /* MediaBucket.app */ = {isa = PBXFileReference; explicitFileType = wrapper.application; includeInIndex = 0; path = MediaBucket.app; sourceTree = BUILT_PRODUCTS_DIR; };
		A8B7F60F28A4B2660046F415 /* AppDelegate.swift */ = {isa = PBXFileReference; lastKnownFileType = sourcecode.swift; path = AppDelegate.swift; sourceTree = "<group>"; };
		A8B7F61328A4B2660046F415 /* HomeViewController.swift */ = {isa = PBXFileReference; lastKnownFileType = sourcecode.swift; path = HomeViewController.swift; sourceTree = "<group>"; };
		A8B7F61828A4B2660046F415 /* Assets.xcassets */ = {isa = PBXFileReference; lastKnownFileType = folder.assetcatalog; path = Assets.xcassets; sourceTree = "<group>"; };
		A8B7F61B28A4B2660046F415 /* Base */ = {isa = PBXFileReference; lastKnownFileType = file.storyboard; name = Base; path = Base.lproj/LaunchScreen.storyboard; sourceTree = "<group>"; };
		A8B7F61D28A4B2660046F415 /* Info.plist */ = {isa = PBXFileReference; lastKnownFileType = text.plist.xml; path = Info.plist; sourceTree = "<group>"; };
		A8C4CAB928BE6A6A00962238 /* CollectionDataModel.xcdatamodel */ = {isa = PBXFileReference; lastKnownFileType = wrapper.xcdatamodel; path = CollectionDataModel.xcdatamodel; sourceTree = "<group>"; };
		A8DE1D8E28B025D600501804 /* ListViewModel.swift */ = {isa = PBXFileReference; lastKnownFileType = sourcecode.swift; path = ListViewModel.swift; sourceTree = "<group>"; };
		A8DE1D9028B025FC00501804 /* ListItem.swift */ = {isa = PBXFileReference; lastKnownFileType = sourcecode.swift; path = ListItem.swift; sourceTree = "<group>"; };
		A8F7E9E428AA8FD300A0AAEB /* ListViewCoordinator.swift */ = {isa = PBXFileReference; lastKnownFileType = sourcecode.swift; path = ListViewCoordinator.swift; sourceTree = "<group>"; };
/* End PBXFileReference section */

/* Begin PBXFrameworksBuildPhase section */
		A8B7F60928A4B2660046F415 /* Frameworks */ = {
			isa = PBXFrameworksBuildPhase;
			buildActionMask = 2147483647;
			files = (
				CD5E3C248ADF35EC58420158 /* Pods_MediaBucket.framework in Frameworks */,
			);
			runOnlyForDeploymentPostprocessing = 0;
		};
/* End PBXFrameworksBuildPhase section */

/* Begin PBXGroup section */
		34AB6959046F506E2F7022C4 /* Pods */ = {
			isa = PBXGroup;
			children = (
				67FDA24618AEC259CC840C30 /* Pods-MediaBucket.debug.xcconfig */,
				0F24F84254D37FF1DC37FDE0 /* Pods-MediaBucket.release.xcconfig */,
			);
			path = Pods;
			sourceTree = "<group>";
		};
		4CA253AB479F4B14784DAFA5 /* Frameworks */ = {
			isa = PBXGroup;
			children = (
				518FCE146F8E37B1B3B407BC /* Pods_MediaBucket.framework */,
			);
			name = Frameworks;
			sourceTree = "<group>";
		};
		A81222ED28A6125100B097E6 /* HomeView */ = {
			isa = PBXGroup;
			children = (
				A81222EE28A6126A00B097E6 /* HomeCoordinator.swift */,
				A8B7F61328A4B2660046F415 /* HomeViewController.swift */,
				A889491928A6DF35007BFD6B /* HomeViewItem.swift */,
				A82FB60428A75EE0009DC666 /* HomeViewModel.swift */,
				A82FB60628A797F0009DC666 /* HomeCollectionViewCell.swift */,
			);
			path = HomeView;
			sourceTree = "<group>";
		};
		A8B7F60328A4B2660046F415 = {
			isa = PBXGroup;
			children = (
				A8B7F60E28A4B2660046F415 /* MediaBucket */,
				A8B7F60D28A4B2660046F415 /* Products */,
				34AB6959046F506E2F7022C4 /* Pods */,
				4CA253AB479F4B14784DAFA5 /* Frameworks */,
			);
			sourceTree = "<group>";
		};
		A8B7F60D28A4B2660046F415 /* Products */ = {
			isa = PBXGroup;
			children = (
				A8B7F60C28A4B2660046F415 /* MediaBucket.app */,
			);
			name = Products;
			sourceTree = "<group>";
		};
		A8B7F60E28A4B2660046F415 /* MediaBucket */ = {
			isa = PBXGroup;
			children = (
				A8C4CAB828BE6A6A00962238 /* CollectionDataModel.xcdatamodeld */,
				A81222ED28A6125100B097E6 /* HomeView */,
				A8F7E9E328AA8F5200A0AAEB /* ListView */,
				A8B7F60F28A4B2660046F415 /* AppDelegate.swift */,
				A8B7F61828A4B2660046F415 /* Assets.xcassets */,
				A8B7F61A28A4B2660046F415 /* LaunchScreen.storyboard */,
				A8B7F61D28A4B2660046F415 /* Info.plist */,
				A81222EB28A6111700B097E6 /* Coordinator.swift */,
				A81222F028A6159C00B097E6 /* AppCoordinator.swift */,
				A81222F228A625D700B097E6 /* AppCoordinatorComposer.swift */,
			);
			path = MediaBucket;
			sourceTree = "<group>";
		};
		A8F7E9E328AA8F5200A0AAEB /* ListView */ = {
			isa = PBXGroup;
			children = (
				A8F7E9E428AA8FD300A0AAEB /* ListViewCoordinator.swift */,
				A87AD43028AE92C500D652C8 /* ListViewController.swift */,
				A8DE1D8E28B025D600501804 /* ListViewModel.swift */,
				A8DE1D9028B025FC00501804 /* ListItem.swift */,
			);
			path = ListView;
			sourceTree = "<group>";
		};
/* End PBXGroup section */

/* Begin PBXNativeTarget section */
		A8B7F60B28A4B2660046F415 /* MediaBucket */ = {
			isa = PBXNativeTarget;
			buildConfigurationList = A8B7F62028A4B2660046F415 /* Build configuration list for PBXNativeTarget "MediaBucket" */;
			buildPhases = (
				1FF0228C15636C7077B2DA69 /* [CP] Check Pods Manifest.lock */,
				A8B7F60828A4B2660046F415 /* Sources */,
				A8B7F60928A4B2660046F415 /* Frameworks */,
				A8B7F60A28A4B2660046F415 /* Resources */,
			);
			buildRules = (
			);
			dependencies = (
			);
			name = MediaBucket;
			productName = MediaBucket;
			productReference = A8B7F60C28A4B2660046F415 /* MediaBucket.app */;
			productType = "com.apple.product-type.application";
		};
/* End PBXNativeTarget section */

/* Begin PBXProject section */
		A8B7F60428A4B2660046F415 /* Project object */ = {
			isa = PBXProject;
			attributes = {
				BuildIndependentTargetsInParallel = 1;
				LastSwiftUpdateCheck = 1340;
				LastUpgradeCheck = 1340;
				TargetAttributes = {
					A8B7F60B28A4B2660046F415 = {
						CreatedOnToolsVersion = 13.4.1;
					};
				};
			};
			buildConfigurationList = A8B7F60728A4B2660046F415 /* Build configuration list for PBXProject "MediaBucket" */;
			compatibilityVersion = "Xcode 13.0";
			developmentRegion = en;
			hasScannedForEncodings = 0;
			knownRegions = (
				en,
				Base,
			);
			mainGroup = A8B7F60328A4B2660046F415;
			productRefGroup = A8B7F60D28A4B2660046F415 /* Products */;
			projectDirPath = "";
			projectRoot = "";
			targets = (
				A8B7F60B28A4B2660046F415 /* MediaBucket */,
			);
		};
/* End PBXProject section */

/* Begin PBXResourcesBuildPhase section */
		A8B7F60A28A4B2660046F415 /* Resources */ = {
			isa = PBXResourcesBuildPhase;
			buildActionMask = 2147483647;
			files = (
				A8B7F61C28A4B2660046F415 /* LaunchScreen.storyboard in Resources */,
				A8B7F61928A4B2660046F415 /* Assets.xcassets in Resources */,
			);
			runOnlyForDeploymentPostprocessing = 0;
		};
/* End PBXResourcesBuildPhase section */

/* Begin PBXShellScriptBuildPhase section */
		1FF0228C15636C7077B2DA69 /* [CP] Check Pods Manifest.lock */ = {
			isa = PBXShellScriptBuildPhase;
			buildActionMask = 2147483647;
			files = (
			);
			inputFileListPaths = (
			);
			inputPaths = (
				"${PODS_PODFILE_DIR_PATH}/Podfile.lock",
				"${PODS_ROOT}/Manifest.lock",
			);
			name = "[CP] Check Pods Manifest.lock";
			outputFileListPaths = (
			);
			outputPaths = (
				"$(DERIVED_FILE_DIR)/Pods-MediaBucket-checkManifestLockResult.txt",
			);
			runOnlyForDeploymentPostprocessing = 0;
			shellPath = /bin/sh;
			shellScript = "diff \"${PODS_PODFILE_DIR_PATH}/Podfile.lock\" \"${PODS_ROOT}/Manifest.lock\" > /dev/null\nif [ $? != 0 ] ; then\n    # print error to STDERR\n    echo \"error: The sandbox is not in sync with the Podfile.lock. Run 'pod install' or update your CocoaPods installation.\" >&2\n    exit 1\nfi\n# This output is used by Xcode 'outputs' to avoid re-running this script phase.\necho \"SUCCESS\" > \"${SCRIPT_OUTPUT_FILE_0}\"\n";
			showEnvVarsInLog = 0;
		};
/* End PBXShellScriptBuildPhase section */

/* Begin PBXSourcesBuildPhase section */
		A8B7F60828A4B2660046F415 /* Sources */ = {
			isa = PBXSourcesBuildPhase;
			buildActionMask = 2147483647;
			files = (
				A8B7F61428A4B2660046F415 /* HomeViewController.swift in Sources */,
				A81222EF28A6126A00B097E6 /* HomeCoordinator.swift in Sources */,
				A8C4CABA28BE6A6A00962238 /* CollectionDataModel.xcdatamodeld in Sources */,
				A8DE1D8F28B025D600501804 /* ListViewModel.swift in Sources */,
				A81222F328A625D700B097E6 /* AppCoordinatorComposer.swift in Sources */,
				A82FB60528A75EE0009DC666 /* HomeViewModel.swift in Sources */,
				A8B7F61028A4B2660046F415 /* AppDelegate.swift in Sources */,
				A87AD43128AE92C500D652C8 /* ListViewController.swift in Sources */,
				A82FB60728A797F0009DC666 /* HomeCollectionViewCell.swift in Sources */,
				A889491A28A6DF35007BFD6B /* HomeViewItem.swift in Sources */,
				A8F7E9E528AA8FD300A0AAEB /* ListViewCoordinator.swift in Sources */,
				A8DE1D9128B025FC00501804 /* ListItem.swift in Sources */,
				A81222F128A6159C00B097E6 /* AppCoordinator.swift in Sources */,
				A81222EC28A6111700B097E6 /* Coordinator.swift in Sources */,
			);
			runOnlyForDeploymentPostprocessing = 0;
		};
/* End PBXSourcesBuildPhase section */

/* Begin PBXVariantGroup section */
		A8B7F61A28A4B2660046F415 /* LaunchScreen.storyboard */ = {
			isa = PBXVariantGroup;
			children = (
				A8B7F61B28A4B2660046F415 /* Base */,
			);
			name = LaunchScreen.storyboard;
			sourceTree = "<group>";
		};
/* End PBXVariantGroup section */

/* Begin XCBuildConfiguration section */
		A8B7F61E28A4B2660046F415 /* Debug */ = {
			isa = XCBuildConfiguration;
			buildSettings = {
				ALWAYS_SEARCH_USER_PATHS = NO;
				CLANG_ANALYZER_NONNULL = YES;
				CLANG_ANALYZER_NUMBER_OBJECT_CONVERSION = YES_AGGRESSIVE;
				CLANG_CXX_LANGUAGE_STANDARD = "gnu++17";
				CLANG_ENABLE_MODULES = YES;
				CLANG_ENABLE_OBJC_ARC = YES;
				CLANG_ENABLE_OBJC_WEAK = YES;
				CLANG_WARN_BLOCK_CAPTURE_AUTORELEASING = YES;
				CLANG_WARN_BOOL_CONVERSION = YES;
				CLANG_WARN_COMMA = YES;
				CLANG_WARN_CONSTANT_CONVERSION = YES;
				CLANG_WARN_DEPRECATED_OBJC_IMPLEMENTATIONS = YES;
				CLANG_WARN_DIRECT_OBJC_ISA_USAGE = YES_ERROR;
				CLANG_WARN_DOCUMENTATION_COMMENTS = YES;
				CLANG_WARN_EMPTY_BODY = YES;
				CLANG_WARN_ENUM_CONVERSION = YES;
				CLANG_WARN_INFINITE_RECURSION = YES;
				CLANG_WARN_INT_CONVERSION = YES;
				CLANG_WARN_NON_LITERAL_NULL_CONVERSION = YES;
				CLANG_WARN_OBJC_IMPLICIT_RETAIN_SELF = YES;
				CLANG_WARN_OBJC_LITERAL_CONVERSION = YES;
				CLANG_WARN_OBJC_ROOT_CLASS = YES_ERROR;
				CLANG_WARN_QUOTED_INCLUDE_IN_FRAMEWORK_HEADER = YES;
				CLANG_WARN_RANGE_LOOP_ANALYSIS = YES;
				CLANG_WARN_STRICT_PROTOTYPES = YES;
				CLANG_WARN_SUSPICIOUS_MOVE = YES;
				CLANG_WARN_UNGUARDED_AVAILABILITY = YES_AGGRESSIVE;
				CLANG_WARN_UNREACHABLE_CODE = YES;
				CLANG_WARN__DUPLICATE_METHOD_MATCH = YES;
				COPY_PHASE_STRIP = NO;
				DEBUG_INFORMATION_FORMAT = dwarf;
				ENABLE_STRICT_OBJC_MSGSEND = YES;
				ENABLE_TESTABILITY = YES;
				GCC_C_LANGUAGE_STANDARD = gnu11;
				GCC_DYNAMIC_NO_PIC = NO;
				GCC_NO_COMMON_BLOCKS = YES;
				GCC_OPTIMIZATION_LEVEL = 0;
				GCC_PREPROCESSOR_DEFINITIONS = (
					"DEBUG=1",
					"$(inherited)",
				);
				GCC_WARN_64_TO_32_BIT_CONVERSION = YES;
				GCC_WARN_ABOUT_RETURN_TYPE = YES_ERROR;
				GCC_WARN_UNDECLARED_SELECTOR = YES;
				GCC_WARN_UNINITIALIZED_AUTOS = YES_AGGRESSIVE;
				GCC_WARN_UNUSED_FUNCTION = YES;
				GCC_WARN_UNUSED_VARIABLE = YES;
				IPHONEOS_DEPLOYMENT_TARGET = 15.5;
				MTL_ENABLE_DEBUG_INFO = INCLUDE_SOURCE;
				MTL_FAST_MATH = YES;
				ONLY_ACTIVE_ARCH = YES;
				SDKROOT = iphoneos;
				SWIFT_ACTIVE_COMPILATION_CONDITIONS = DEBUG;
				SWIFT_OPTIMIZATION_LEVEL = "-Onone";
			};
			name = Debug;
		};
		A8B7F61F28A4B2660046F415 /* Release */ = {
			isa = XCBuildConfiguration;
			buildSettings = {
				ALWAYS_SEARCH_USER_PATHS = NO;
				CLANG_ANALYZER_NONNULL = YES;
				CLANG_ANALYZER_NUMBER_OBJECT_CONVERSION = YES_AGGRESSIVE;
				CLANG_CXX_LANGUAGE_STANDARD = "gnu++17";
				CLANG_ENABLE_MODULES = YES;
				CLANG_ENABLE_OBJC_ARC = YES;
				CLANG_ENABLE_OBJC_WEAK = YES;
				CLANG_WARN_BLOCK_CAPTURE_AUTORELEASING = YES;
				CLANG_WARN_BOOL_CONVERSION = YES;
				CLANG_WARN_COMMA = YES;
				CLANG_WARN_CONSTANT_CONVERSION = YES;
				CLANG_WARN_DEPRECATED_OBJC_IMPLEMENTATIONS = YES;
				CLANG_WARN_DIRECT_OBJC_ISA_USAGE = YES_ERROR;
				CLANG_WARN_DOCUMENTATION_COMMENTS = YES;
				CLANG_WARN_EMPTY_BODY = YES;
				CLANG_WARN_ENUM_CONVERSION = YES;
				CLANG_WARN_INFINITE_RECURSION = YES;
				CLANG_WARN_INT_CONVERSION = YES;
				CLANG_WARN_NON_LITERAL_NULL_CONVERSION = YES;
				CLANG_WARN_OBJC_IMPLICIT_RETAIN_SELF = YES;
				CLANG_WARN_OBJC_LITERAL_CONVERSION = YES;
				CLANG_WARN_OBJC_ROOT_CLASS = YES_ERROR;
				CLANG_WARN_QUOTED_INCLUDE_IN_FRAMEWORK_HEADER = YES;
				CLANG_WARN_RANGE_LOOP_ANALYSIS = YES;
				CLANG_WARN_STRICT_PROTOTYPES = YES;
				CLANG_WARN_SUSPICIOUS_MOVE = YES;
				CLANG_WARN_UNGUARDED_AVAILABILITY = YES_AGGRESSIVE;
				CLANG_WARN_UNREACHABLE_CODE = YES;
				CLANG_WARN__DUPLICATE_METHOD_MATCH = YES;
				COPY_PHASE_STRIP = NO;
				DEBUG_INFORMATION_FORMAT = "dwarf-with-dsym";
				ENABLE_NS_ASSERTIONS = NO;
				ENABLE_STRICT_OBJC_MSGSEND = YES;
				GCC_C_LANGUAGE_STANDARD = gnu11;
				GCC_NO_COMMON_BLOCKS = YES;
				GCC_WARN_64_TO_32_BIT_CONVERSION = YES;
				GCC_WARN_ABOUT_RETURN_TYPE = YES_ERROR;
				GCC_WARN_UNDECLARED_SELECTOR = YES;
				GCC_WARN_UNINITIALIZED_AUTOS = YES_AGGRESSIVE;
				GCC_WARN_UNUSED_FUNCTION = YES;
				GCC_WARN_UNUSED_VARIABLE = YES;
				IPHONEOS_DEPLOYMENT_TARGET = 15.5;
				MTL_ENABLE_DEBUG_INFO = NO;
				MTL_FAST_MATH = YES;
				SDKROOT = iphoneos;
				SWIFT_COMPILATION_MODE = wholemodule;
				SWIFT_OPTIMIZATION_LEVEL = "-O";
				VALIDATE_PRODUCT = YES;
			};
			name = Release;
		};
		A8B7F62128A4B2660046F415 /* Debug */ = {
			isa = XCBuildConfiguration;
			baseConfigurationReference = 67FDA24618AEC259CC840C30 /* Pods-MediaBucket.debug.xcconfig */;
			buildSettings = {
				ASSETCATALOG_COMPILER_APPICON_NAME = AppIcon;
				ASSETCATALOG_COMPILER_GLOBAL_ACCENT_COLOR_NAME = AccentColor;
				CODE_SIGN_STYLE = Automatic;
				CURRENT_PROJECT_VERSION = 1;
				DEVELOPMENT_TEAM = FG4S36T574;
				GENERATE_INFOPLIST_FILE = YES;
				INFOPLIST_FILE = MediaBucket/Info.plist;
				INFOPLIST_KEY_UIApplicationSupportsIndirectInputEvents = YES;
				INFOPLIST_KEY_UILaunchStoryboardName = LaunchScreen;
				INFOPLIST_KEY_UISupportedInterfaceOrientations = "UIInterfaceOrientationPortrait UIInterfaceOrientationLandscapeLeft UIInterfaceOrientationLandscapeRight";
				INFOPLIST_KEY_UISupportedInterfaceOrientations_iPad = "UIInterfaceOrientationPortrait UIInterfaceOrientationPortraitUpsideDown UIInterfaceOrientationLandscapeLeft UIInterfaceOrientationLandscapeRight";
				INFOPLIST_KEY_UISupportedInterfaceOrientations_iPhone = "UIInterfaceOrientationPortrait UIInterfaceOrientationLandscapeLeft UIInterfaceOrientationLandscapeRight";
				LD_RUNPATH_SEARCH_PATHS = (
					"$(inherited)",
					"@executable_path/Frameworks",
				);
				MARKETING_VERSION = 1.0;
				PRODUCT_BUNDLE_IDENTIFIER = "Abhinav-Mathur.MediaBucket";
				PRODUCT_NAME = "$(TARGET_NAME)";
				SWIFT_EMIT_LOC_STRINGS = YES;
				SWIFT_VERSION = 5.0;
				TARGETED_DEVICE_FAMILY = "1,2";
			};
			name = Debug;
		};
		A8B7F62228A4B2660046F415 /* Release */ = {
			isa = XCBuildConfiguration;
			baseConfigurationReference = 0F24F84254D37FF1DC37FDE0 /* Pods-MediaBucket.release.xcconfig */;
			buildSettings = {
				ASSETCATALOG_COMPILER_APPICON_NAME = AppIcon;
				ASSETCATALOG_COMPILER_GLOBAL_ACCENT_COLOR_NAME = AccentColor;
				CODE_SIGN_STYLE = Automatic;
				CURRENT_PROJECT_VERSION = 1;
				DEVELOPMENT_TEAM = FG4S36T574;
				GENERATE_INFOPLIST_FILE = YES;
				INFOPLIST_FILE = MediaBucket/Info.plist;
				INFOPLIST_KEY_UIApplicationSupportsIndirectInputEvents = YES;
				INFOPLIST_KEY_UILaunchStoryboardName = LaunchScreen;
				INFOPLIST_KEY_UISupportedInterfaceOrientations = "UIInterfaceOrientationPortrait UIInterfaceOrientationLandscapeLeft UIInterfaceOrientationLandscapeRight";
				INFOPLIST_KEY_UISupportedInterfaceOrientations_iPad = "UIInterfaceOrientationPortrait UIInterfaceOrientationPortraitUpsideDown UIInterfaceOrientationLandscapeLeft UIInterfaceOrientationLandscapeRight";
				INFOPLIST_KEY_UISupportedInterfaceOrientations_iPhone = "UIInterfaceOrientationPortrait UIInterfaceOrientationLandscapeLeft UIInterfaceOrientationLandscapeRight";
				LD_RUNPATH_SEARCH_PATHS = (
					"$(inherited)",
					"@executable_path/Frameworks",
				);
				MARKETING_VERSION = 1.0;
				PRODUCT_BUNDLE_IDENTIFIER = "Abhinav-Mathur.MediaBucket";
				PRODUCT_NAME = "$(TARGET_NAME)";
				SWIFT_EMIT_LOC_STRINGS = YES;
				SWIFT_VERSION = 5.0;
				TARGETED_DEVICE_FAMILY = "1,2";
			};
			name = Release;
		};
/* End XCBuildConfiguration section */

/* Begin XCConfigurationList section */
		A8B7F60728A4B2660046F415 /* Build configuration list for PBXProject "MediaBucket" */ = {
			isa = XCConfigurationList;
			buildConfigurations = (
				A8B7F61E28A4B2660046F415 /* Debug */,
				A8B7F61F28A4B2660046F415 /* Release */,
			);
			defaultConfigurationIsVisible = 0;
			defaultConfigurationName = Release;
		};
		A8B7F62028A4B2660046F415 /* Build configuration list for PBXNativeTarget "MediaBucket" */ = {
			isa = XCConfigurationList;
			buildConfigurations = (
				A8B7F62128A4B2660046F415 /* Debug */,
				A8B7F62228A4B2660046F415 /* Release */,
			);
			defaultConfigurationIsVisible = 0;
			defaultConfigurationName = Release;
		};
/* End XCConfigurationList section */

/* Begin XCVersionGroup section */
		A8C4CAB828BE6A6A00962238 /* CollectionDataModel.xcdatamodeld */ = {
			isa = XCVersionGroup;
			children = (
				A8C4CAB928BE6A6A00962238 /* CollectionDataModel.xcdatamodel */,
			);
			currentVersion = A8C4CAB928BE6A6A00962238 /* CollectionDataModel.xcdatamodel */;
			path = CollectionDataModel.xcdatamodeld;
			sourceTree = "<group>";
			versionGroupType = wrapper.xcdatamodel;
		};
/* End XCVersionGroup section */
	};
	rootObject = A8B7F60428A4B2660046F415 /* Project object */;
}
